// !$*UTF8*$!
{
	archiveVersion = 1;
	classes = {
	};
	objectVersion = 56;
	objects = {

/* Begin PBXBuildFile section */
		270E134E2BB9085E004FCBC8 /* problem07.cpp in Sources */ = {isa = PBXBuildFile; fileRef = 270E134C2BB9085E004FCBC8 /* problem07.cpp */; };
		276E65BC2B98A149003DFD7D /* main.cpp in Sources */ = {isa = PBXBuildFile; fileRef = 276E65BB2B98A149003DFD7D /* main.cpp */; };
		276E65C72B98A418003DFD7D /* problem01.cpp in Sources */ = {isa = PBXBuildFile; fileRef = 276E65C52B98A418003DFD7D /* problem01.cpp */; };
		27A29FD02BBD45CC009FDBDD /* problem08.cpp in Sources */ = {isa = PBXBuildFile; fileRef = 27A29FCE2BBD45CC009FDBDD /* problem08.cpp */; };
		27FF434D2B9F37FB005C8C2C /* problem03.cpp in Sources */ = {isa = PBXBuildFile; fileRef = 27FF434B2B9F37FB005C8C2C /* problem03.cpp */; };
		27FF43502BA9BEDE005C8C2C /* problem04.cpp in Sources */ = {isa = PBXBuildFile; fileRef = 27FF434E2BA9BEDE005C8C2C /* problem04.cpp */; };
		27FF43532BB7AF43005C8C2C /* problem05.cpp in Sources */ = {isa = PBXBuildFile; fileRef = 27FF43512BB7AF43005C8C2C /* problem05.cpp */; };
		27FF43562BB810BA005C8C2C /* problem06.cpp in Sources */ = {isa = PBXBuildFile; fileRef = 27FF43542BB810BA005C8C2C /* problem06.cpp */; };
/* End PBXBuildFile section */

/* Begin PBXCopyFilesBuildPhase section */
		276E65B62B98A149003DFD7D /* CopyFiles */ = {
			isa = PBXCopyFilesBuildPhase;
			buildActionMask = 2147483647;
			dstPath = /usr/share/man/man1/;
			dstSubfolderSpec = 0;
			files = (
			);
			runOnlyForDeploymentPostprocessing = 1;
		};
/* End PBXCopyFilesBuildPhase section */

/* Begin PBXFileReference section */
		270E134C2BB9085E004FCBC8 /* problem07.cpp */ = {isa = PBXFileReference; lastKnownFileType = sourcecode.cpp.cpp; path = problem07.cpp; sourceTree = "<group>"; };
		270E134D2BB9085E004FCBC8 /* problem07.hpp */ = {isa = PBXFileReference; lastKnownFileType = sourcecode.cpp.h; path = problem07.hpp; sourceTree = "<group>"; };
		276E65B82B98A149003DFD7D /* Algorithm */ = {isa = PBXFileReference; explicitFileType = "compiled.mach-o.executable"; includeInIndex = 0; path = Algorithm; sourceTree = BUILT_PRODUCTS_DIR; };
		276E65BB2B98A149003DFD7D /* main.cpp */ = {isa = PBXFileReference; lastKnownFileType = sourcecode.cpp.cpp; path = main.cpp; sourceTree = "<group>"; };
		276E65C52B98A418003DFD7D /* problem01.cpp */ = {isa = PBXFileReference; lastKnownFileType = sourcecode.cpp.cpp; path = problem01.cpp; sourceTree = "<group>"; };
		276E65C62B98A418003DFD7D /* problem01.hpp */ = {isa = PBXFileReference; lastKnownFileType = sourcecode.cpp.h; path = problem01.hpp; sourceTree = "<group>"; };
		27A29FCE2BBD45CC009FDBDD /* problem08.cpp */ = {isa = PBXFileReference; lastKnownFileType = sourcecode.cpp.cpp; path = problem08.cpp; sourceTree = "<group>"; };
		27A29FCF2BBD45CC009FDBDD /* problem08.hpp */ = {isa = PBXFileReference; lastKnownFileType = sourcecode.cpp.h; path = problem08.hpp; sourceTree = "<group>"; };
		27B8DC872B99E239007502AF /* problem02.hpp */ = {isa = PBXFileReference; lastKnownFileType = sourcecode.cpp.h; path = problem02.hpp; sourceTree = "<group>"; };
		27FF434B2B9F37FB005C8C2C /* problem03.cpp */ = {isa = PBXFileReference; lastKnownFileType = sourcecode.cpp.cpp; path = problem03.cpp; sourceTree = "<group>"; };
		27FF434C2B9F37FB005C8C2C /* problem03.hpp */ = {isa = PBXFileReference; lastKnownFileType = sourcecode.cpp.h; path = problem03.hpp; sourceTree = "<group>"; };
		27FF434E2BA9BEDE005C8C2C /* problem04.cpp */ = {isa = PBXFileReference; lastKnownFileType = sourcecode.cpp.cpp; path = problem04.cpp; sourceTree = "<group>"; };
		27FF434F2BA9BEDE005C8C2C /* problem04.hpp */ = {isa = PBXFileReference; lastKnownFileType = sourcecode.cpp.h; path = problem04.hpp; sourceTree = "<group>"; };
		27FF43512BB7AF43005C8C2C /* problem05.cpp */ = {isa = PBXFileReference; lastKnownFileType = sourcecode.cpp.cpp; path = problem05.cpp; sourceTree = "<group>"; };
		27FF43522BB7AF43005C8C2C /* problem05.hpp */ = {isa = PBXFileReference; lastKnownFileType = sourcecode.cpp.h; path = problem05.hpp; sourceTree = "<group>"; };
		27FF43542BB810BA005C8C2C /* problem06.cpp */ = {isa = PBXFileReference; lastKnownFileType = sourcecode.cpp.cpp; path = problem06.cpp; sourceTree = "<group>"; };
		27FF43552BB810BA005C8C2C /* problem06.hpp */ = {isa = PBXFileReference; lastKnownFileType = sourcecode.cpp.h; path = problem06.hpp; sourceTree = "<group>"; };
/* End PBXFileReference section */

/* Begin PBXFrameworksBuildPhase section */
		276E65B52B98A149003DFD7D /* Frameworks */ = {
			isa = PBXFrameworksBuildPhase;
			buildActionMask = 2147483647;
			files = (
			);
			runOnlyForDeploymentPostprocessing = 0;
		};
/* End PBXFrameworksBuildPhase section */

/* Begin PBXGroup section */
		276E65AF2B98A149003DFD7D = {
			isa = PBXGroup;
			children = (
				276E65BA2B98A149003DFD7D /* Algorithm */,
				276E65B92B98A149003DFD7D /* Products */,
			);
			sourceTree = "<group>";
		};
		276E65B92B98A149003DFD7D /* Products */ = {
			isa = PBXGroup;
			children = (
				276E65B82B98A149003DFD7D /* Algorithm */,
			);
			name = Products;
			sourceTree = "<group>";
		};
		276E65BA2B98A149003DFD7D /* Algorithm */ = {
			isa = PBXGroup;
			children = (
				276E65BB2B98A149003DFD7D /* main.cpp */,
				27FF43542BB810BA005C8C2C /* problem06.cpp */,
				27FF43552BB810BA005C8C2C /* problem06.hpp */,
				276E65C52B98A418003DFD7D /* problem01.cpp */,
				276E65C62B98A418003DFD7D /* problem01.hpp */,
				27B8DC872B99E239007502AF /* problem02.hpp */,
				27FF434B2B9F37FB005C8C2C /* problem03.cpp */,
				27FF434C2B9F37FB005C8C2C /* problem03.hpp */,
				27FF434E2BA9BEDE005C8C2C /* problem04.cpp */,
				27FF434F2BA9BEDE005C8C2C /* problem04.hpp */,
				27FF43512BB7AF43005C8C2C /* problem05.cpp */,
				27FF43522BB7AF43005C8C2C /* problem05.hpp */,
				270E134C2BB9085E004FCBC8 /* problem07.cpp */,
				270E134D2BB9085E004FCBC8 /* problem07.hpp */,
				27A29FCE2BBD45CC009FDBDD /* problem08.cpp */,
				27A29FCF2BBD45CC009FDBDD /* problem08.hpp */,
			);
			path = Algorithm;
			sourceTree = "<group>";
		};
/* End PBXGroup section */

/* Begin PBXNativeTarget section */
		276E65B72B98A149003DFD7D /* Algorithm */ = {
			isa = PBXNativeTarget;
			buildConfigurationList = 276E65BF2B98A149003DFD7D /* Build configuration list for PBXNativeTarget "Algorithm" */;
			buildPhases = (
				276E65B42B98A149003DFD7D /* Sources */,
				276E65B52B98A149003DFD7D /* Frameworks */,
				276E65B62B98A149003DFD7D /* CopyFiles */,
			);
			buildRules = (
			);
			dependencies = (
			);
			name = Algorithm;
			productName = Algorithm;
			productReference = 276E65B82B98A149003DFD7D /* Algorithm */;
			productType = "com.apple.product-type.tool";
		};
/* End PBXNativeTarget section */

/* Begin PBXProject section */
		276E65B02B98A149003DFD7D /* Project object */ = {
			isa = PBXProject;
			attributes = {
				BuildIndependentTargetsInParallel = 1;
				LastUpgradeCheck = 1520;
				TargetAttributes = {
					276E65B72B98A149003DFD7D = {
						CreatedOnToolsVersion = 15.2;
					};
				};
			};
			buildConfigurationList = 276E65B32B98A149003DFD7D /* Build configuration list for PBXProject "Algorithm" */;
			compatibilityVersion = "Xcode 14.0";
			developmentRegion = en;
			hasScannedForEncodings = 0;
			knownRegions = (
				en,
				Base,
			);
			mainGroup = 276E65AF2B98A149003DFD7D;
			productRefGroup = 276E65B92B98A149003DFD7D /* Products */;
			projectDirPath = "";
			projectRoot = "";
			targets = (
				276E65B72B98A149003DFD7D /* Algorithm */,
			);
		};
/* End PBXProject section */

/* Begin PBXSourcesBuildPhase section */
		276E65B42B98A149003DFD7D /* Sources */ = {
			isa = PBXSourcesBuildPhase;
			buildActionMask = 2147483647;
			files = (
				276E65BC2B98A149003DFD7D /* main.cpp in Sources */,
				276E65C72B98A418003DFD7D /* problem01.cpp in Sources */,
				27FF43532BB7AF43005C8C2C /* problem05.cpp in Sources */,
				27FF434D2B9F37FB005C8C2C /* problem03.cpp in Sources */,
				270E134E2BB9085E004FCBC8 /* problem07.cpp in Sources */,
				27FF43502BA9BEDE005C8C2C /* problem04.cpp in Sources */,
				27FF43562BB810BA005C8C2C /* problem06.cpp in Sources */,
				27A29FD02BBD45CC009FDBDD /* problem08.cpp in Sources */,
			);
			runOnlyForDeploymentPostprocessing = 0;
		};
/* End PBXSourcesBuildPhase section */

/* Begin XCBuildConfiguration section */
		276E65BD2B98A149003DFD7D /* Debug */ = {
			isa = XCBuildConfiguration;
			buildSettings = {
				ALWAYS_SEARCH_USER_PATHS = NO;
				ASSETCATALOG_COMPILER_GENERATE_SWIFT_ASSET_SYMBOL_EXTENSIONS = YES;
				CLANG_ANALYZER_NONNULL = YES;
				CLANG_ANALYZER_NUMBER_OBJECT_CONVERSION = YES_AGGRESSIVE;
				CLANG_CXX_LANGUAGE_STANDARD = "gnu++20";
				CLANG_ENABLE_MODULES = YES;
				CLANG_ENABLE_OBJC_ARC = YES;
				CLANG_ENABLE_OBJC_WEAK = YES;
				CLANG_WARN_BLOCK_CAPTURE_AUTORELEASING = YES;
				CLANG_WARN_BOOL_CONVERSION = YES;
				CLANG_WARN_COMMA = YES;
				CLANG_WARN_CONSTANT_CONVERSION = YES;
				CLANG_WARN_DEPRECATED_OBJC_IMPLEMENTATIONS = YES;
				CLANG_WARN_DIRECT_OBJC_ISA_USAGE = YES_ERROR;
				CLANG_WARN_DOCUMENTATION_COMMENTS = YES;
				CLANG_WARN_EMPTY_BODY = YES;
				CLANG_WARN_ENUM_CONVERSION = YES;
				CLANG_WARN_INFINITE_RECURSION = YES;
				CLANG_WARN_INT_CONVERSION = YES;
				CLANG_WARN_NON_LITERAL_NULL_CONVERSION = YES;
				CLANG_WARN_OBJC_IMPLICIT_RETAIN_SELF = YES;
				CLANG_WARN_OBJC_LITERAL_CONVERSION = YES;
				CLANG_WARN_OBJC_ROOT_CLASS = YES_ERROR;
				CLANG_WARN_QUOTED_INCLUDE_IN_FRAMEWORK_HEADER = YES;
				CLANG_WARN_RANGE_LOOP_ANALYSIS = YES;
				CLANG_WARN_STRICT_PROTOTYPES = YES;
				CLANG_WARN_SUSPICIOUS_MOVE = YES;
				CLANG_WARN_UNGUARDED_AVAILABILITY = YES_AGGRESSIVE;
				CLANG_WARN_UNREACHABLE_CODE = YES;
				CLANG_WARN__DUPLICATE_METHOD_MATCH = YES;
				COPY_PHASE_STRIP = NO;
				DEBUG_INFORMATION_FORMAT = dwarf;
				ENABLE_STRICT_OBJC_MSGSEND = YES;
				ENABLE_TESTABILITY = YES;
				ENABLE_USER_SCRIPT_SANDBOXING = YES;
				GCC_C_LANGUAGE_STANDARD = gnu17;
				GCC_DYNAMIC_NO_PIC = NO;
				GCC_NO_COMMON_BLOCKS = YES;
				GCC_OPTIMIZATION_LEVEL = 0;
				GCC_PREPROCESSOR_DEFINITIONS = (
					"DEBUG=1",
					"$(inherited)",
				);
				GCC_WARN_64_TO_32_BIT_CONVERSION = YES;
				GCC_WARN_ABOUT_RETURN_TYPE = YES_ERROR;
				GCC_WARN_UNDECLARED_SELECTOR = YES;
				GCC_WARN_UNINITIALIZED_AUTOS = YES_AGGRESSIVE;
				GCC_WARN_UNUSED_FUNCTION = YES;
				GCC_WARN_UNUSED_VARIABLE = YES;
				LOCALIZATION_PREFERS_STRING_CATALOGS = YES;
				MACOSX_DEPLOYMENT_TARGET = 14.2;
				MTL_ENABLE_DEBUG_INFO = INCLUDE_SOURCE;
				MTL_FAST_MATH = YES;
				ONLY_ACTIVE_ARCH = YES;
				SDKROOT = macosx;
			};
			name = Debug;
		};
		276E65BE2B98A149003DFD7D /* Release */ = {
			isa = XCBuildConfiguration;
			buildSettings = {
				ALWAYS_SEARCH_USER_PATHS = NO;
				ASSETCATALOG_COMPILER_GENERATE_SWIFT_ASSET_SYMBOL_EXTENSIONS = YES;
				CLANG_ANALYZER_NONNULL = YES;
				CLANG_ANALYZER_NUMBER_OBJECT_CONVERSION = YES_AGGRESSIVE;
				CLANG_CXX_LANGUAGE_STANDARD = "gnu++20";
				CLANG_ENABLE_MODULES = YES;
				CLANG_ENABLE_OBJC_ARC = YES;
				CLANG_ENABLE_OBJC_WEAK = YES;
				CLANG_WARN_BLOCK_CAPTURE_AUTORELEASING = YES;
				CLANG_WARN_BOOL_CONVERSION = YES;
				CLANG_WARN_COMMA = YES;
				CLANG_WARN_CONSTANT_CONVERSION = YES;
				CLANG_WARN_DEPRECATED_OBJC_IMPLEMENTATIONS = YES;
				CLANG_WARN_DIRECT_OBJC_ISA_USAGE = YES_ERROR;
				CLANG_WARN_DOCUMENTATION_COMMENTS = YES;
				CLANG_WARN_EMPTY_BODY = YES;
				CLANG_WARN_ENUM_CONVERSION = YES;
				CLANG_WARN_INFINITE_RECURSION = YES;
				CLANG_WARN_INT_CONVERSION = YES;
				CLANG_WARN_NON_LITERAL_NULL_CONVERSION = YES;
				CLANG_WARN_OBJC_IMPLICIT_RETAIN_SELF = YES;
				CLANG_WARN_OBJC_LITERAL_CONVERSION = YES;
				CLANG_WARN_OBJC_ROOT_CLASS = YES_ERROR;
				CLANG_WARN_QUOTED_INCLUDE_IN_FRAMEWORK_HEADER = YES;
				CLANG_WARN_RANGE_LOOP_ANALYSIS = YES;
				CLANG_WARN_STRICT_PROTOTYPES = YES;
				CLANG_WARN_SUSPICIOUS_MOVE = YES;
				CLANG_WARN_UNGUARDED_AVAILABILITY = YES_AGGRESSIVE;
				CLANG_WARN_UNREACHABLE_CODE = YES;
				CLANG_WARN__DUPLICATE_METHOD_MATCH = YES;
				COPY_PHASE_STRIP = NO;
				DEBUG_INFORMATION_FORMAT = "dwarf-with-dsym";
				ENABLE_NS_ASSERTIONS = NO;
				ENABLE_STRICT_OBJC_MSGSEND = YES;
				ENABLE_USER_SCRIPT_SANDBOXING = YES;
				GCC_C_LANGUAGE_STANDARD = gnu17;
				GCC_NO_COMMON_BLOCKS = YES;
				GCC_WARN_64_TO_32_BIT_CONVERSION = YES;
				GCC_WARN_ABOUT_RETURN_TYPE = YES_ERROR;
				GCC_WARN_UNDECLARED_SELECTOR = YES;
				GCC_WARN_UNINITIALIZED_AUTOS = YES_AGGRESSIVE;
				GCC_WARN_UNUSED_FUNCTION = YES;
				GCC_WARN_UNUSED_VARIABLE = YES;
				LOCALIZATION_PREFERS_STRING_CATALOGS = YES;
				MACOSX_DEPLOYMENT_TARGET = 14.2;
				MTL_ENABLE_DEBUG_INFO = NO;
				MTL_FAST_MATH = YES;
				SDKROOT = macosx;
			};
			name = Release;
		};
		276E65C02B98A149003DFD7D /* Debug */ = {
			isa = XCBuildConfiguration;
			buildSettings = {
				CODE_SIGN_STYLE = Automatic;
				PRODUCT_NAME = "$(TARGET_NAME)";
			};
			name = Debug;
		};
		276E65C12B98A149003DFD7D /* Release */ = {
			isa = XCBuildConfiguration;
			buildSettings = {
				CODE_SIGN_STYLE = Automatic;
				PRODUCT_NAME = "$(TARGET_NAME)";
			};
			name = Release;
		};
/* End XCBuildConfiguration section */

/* Begin XCConfigurationList section */
		276E65B32B98A149003DFD7D /* Build configuration list for PBXProject "Algorithm" */ = {
			isa = XCConfigurationList;
			buildConfigurations = (
				276E65BD2B98A149003DFD7D /* Debug */,
				276E65BE2B98A149003DFD7D /* Release */,
			);
			defaultConfigurationIsVisible = 0;
			defaultConfigurationName = Release;
		};
		276E65BF2B98A149003DFD7D /* Build configuration list for PBXNativeTarget "Algorithm" */ = {
			isa = XCConfigurationList;
			buildConfigurations = (
				276E65C02B98A149003DFD7D /* Debug */,
				276E65C12B98A149003DFD7D /* Release */,
			);
			defaultConfigurationIsVisible = 0;
			defaultConfigurationName = Release;
		};
/* End XCConfigurationList section */
	};
	rootObject = 276E65B02B98A149003DFD7D /* Project object */;
}
